
Microsoft Visual Studio Solution File, Format Version 12.00
# Visual Studio Version 16
VisualStudioVersion = 16.0.30320.27
MinimumVisualStudioVersion = 10.0.40219.1
Project("{FAE04EC0-301F-11D3-BF4B-00C04F79EFBC}") = "GuesGame", "GuesGame.csproj", "{62464A99-D7F4-4400-B4E4-354765EFAEFA}"
EndProject
Global
	GlobalSection(SolutionConfigurationPlatforms) = preSolution
		Debug|Any CPU = Debug|Any CPU
		Release|Any CPU = Release|Any CPU
	EndGlobalSection
	GlobalSection(ProjectConfigurationPlatforms) = postSolution
		{62464A99-D7F4-4400-B4E4-354765EFAEFA}.Debug|Any CPU.ActiveCfg = Debug|Any CPU
		{62464A99-D7F4-4400-B4E4-354765EFAEFA}.Debug|Any CPU.Build.0 = Debug|Any CPU
		{62464A99-D7F4-4400-B4E4-354765EFAEFA}.Release|Any CPU.ActiveCfg = Release|Any CPU
		{62464A99-D7F4-4400-B4E4-354765EFAEFA}.Release|Any CPU.Build.0 = Release|Any CPU
	EndGlobalSection
	GlobalSection(SolutionProperties) = preSolution
		HideSolutionNode = FALSE
	EndGlobalSection
	GlobalSection(ExtensibilityGlobals) = postSolution
		SolutionGuid = {900419D6-0B6C-419C-A1A6-F0E115622F02}
	EndGlobalSection
EndGlobal
